
Microsoft Visual Studio Solution File, Format Version 12.00
# Visual Studio Version 17
VisualStudioVersion = 17.0.31903.59
MinimumVisualStudioVersion = 10.0.40219.1
Project("{2150E333-8FDC-42A3-9474-1A3956D46DE8}") = "Services", "Services", "{36964E95-3BA7-4251-B2EC-245CD8082683}"
EndProject
Project("{2150E333-8FDC-42A3-9474-1A3956D46DE8}") = "Catalog", "Catalog", "{0C6D530B-5E87-4831-8B55-DFC945821E9E}"
EndProject
Project("{9A19103F-16F7-4668-BE54-9A1E7A4F7556}") = "Catalog.API", "src\Services\Catalog\Catalog.API\Catalog.API.csproj", "{521C0DCE-E1E3-4E7F-AB98-72671A25ED66}"
EndProject
Project("{2150E333-8FDC-42A3-9474-1A3956D46DE8}") = "src", "src", "{DFBCECF1-20C9-4859-8210-6EF4A41C2217}"
EndProject
Project("{2150E333-8FDC-42A3-9474-1A3956D46DE8}") = "Services", "Services", "{D26BE320-C91F-4920-86FD-DD379F190FAD}"
EndProject
Project("{2150E333-8FDC-42A3-9474-1A3956D46DE8}") = "Cart", "Cart", "{CB609A72-C6F1-4F6D-8D3B-64CF57069CF4}"
EndProject
Project("{FAE04EC0-301F-11D3-BF4B-00C04F79EFBC}") = "Cart.API", "src\Services\Cart\Cart.API\Cart.API.csproj", "{1360FB28-C2BF-4213-BC3C-5470F15E4A31}"
EndProject
Global
	GlobalSection(SolutionConfigurationPlatforms) = preSolution
		Debug|Any CPU = Debug|Any CPU
		Release|Any CPU = Release|Any CPU
	EndGlobalSection
	GlobalSection(ProjectConfigurationPlatforms) = postSolution
		{521C0DCE-E1E3-4E7F-AB98-72671A25ED66}.Debug|Any CPU.ActiveCfg = Debug|Any CPU
		{521C0DCE-E1E3-4E7F-AB98-72671A25ED66}.Debug|Any CPU.Build.0 = Debug|Any CPU
		{521C0DCE-E1E3-4E7F-AB98-72671A25ED66}.Release|Any CPU.ActiveCfg = Release|Any CPU
		{521C0DCE-E1E3-4E7F-AB98-72671A25ED66}.Release|Any CPU.Build.0 = Release|Any CPU
		{1360FB28-C2BF-4213-BC3C-5470F15E4A31}.Debug|Any CPU.ActiveCfg = Debug|Any CPU
		{1360FB28-C2BF-4213-BC3C-5470F15E4A31}.Debug|Any CPU.Build.0 = Debug|Any CPU
		{1360FB28-C2BF-4213-BC3C-5470F15E4A31}.Release|Any CPU.ActiveCfg = Release|Any CPU
		{1360FB28-C2BF-4213-BC3C-5470F15E4A31}.Release|Any CPU.Build.0 = Release|Any CPU
	EndGlobalSection
	GlobalSection(SolutionProperties) = preSolution
		HideSolutionNode = FALSE
	EndGlobalSection
	GlobalSection(NestedProjects) = preSolution
		{0C6D530B-5E87-4831-8B55-DFC945821E9E} = {36964E95-3BA7-4251-B2EC-245CD8082683}
		{521C0DCE-E1E3-4E7F-AB98-72671A25ED66} = {0C6D530B-5E87-4831-8B55-DFC945821E9E}
		{D26BE320-C91F-4920-86FD-DD379F190FAD} = {DFBCECF1-20C9-4859-8210-6EF4A41C2217}
		{CB609A72-C6F1-4F6D-8D3B-64CF57069CF4} = {D26BE320-C91F-4920-86FD-DD379F190FAD}
		{1360FB28-C2BF-4213-BC3C-5470F15E4A31} = {CB609A72-C6F1-4F6D-8D3B-64CF57069CF4}
	EndGlobalSection
	GlobalSection(ExtensibilityGlobals) = postSolution
		SolutionGuid = {41A6CB0C-23B9-47EE-999D-9EF7180BDF86}
	EndGlobalSection
EndGlobal
